<Solution>
  <Project Path="InversionsV2.csproj" Id="641fba40-bcc0-488c-b3e3-fdb267af2ed9" />
  <Project Path="../Llibreries/Comuns/Comuns.csproj" Id="83fff275-a1a1-4df4-a669-591cb12dcbb4" />
  <Project Path="../UnitTestInversionsV2/UnitTestInversionsV2.csproj" Id="d667449d-42ea-4604-877c-15f7e9d72dbd" />
</Solution>
